{
  "name": "kaniscope-node-bot-example",
  "version": "0.0.0",
  "lockfileVersion": 3,
  "requires": true,
  "packages": {
    "": {
      "name": "kaniscope-node-bot-example",
      "version": "0.0.0",
      "dependencies": {
        "kaniscope": "^0.32.0"
      },
      "engines": {
        "node": ">=18"
      }
    },
    "node_modules/@nhatvu148/kaniscope-darwin-arm64": {
      "version": "0.32.0",
      "resolved": "https://registry.npmjs.org/@nhatvu148/kaniscope-darwin-arm64/-/kaniscope-darwin-arm64-0.32.0.tgz",
      "integrity": "sha512-LeNWJq5YeC+E7CepYpg9mVmLudESOuWASOjFWrf5VTeWvcqKsYfKOqGk7jX6gE0YFKEelH3gSu5QfIABopYdTg==",
      "cpu": [
        "arm64"
      ],
      "license": "MIT OR Apache-2.0",
      "optional": true,
      "os": [
        "darwin"
      ]
    },
    "node_modules/@nhatvu148/kaniscope-darwin-x64": {
      "version": "0.32.0",
      "resolved": "https://registry.npmjs.org/@nhatvu148/kaniscope-darwin-x64/-/kaniscope-darwin-x64-0.32.0.tgz",
      "integrity": "sha512-pXMa/cQsZH/Pcmt2v1l3Eq8hOP+jqvgZbpUGUGnnXOrTjWMK/PERVAZIWs2RIJoZUVvd389t7B2gzErWAlcqLQ==",
      "cpu": [
        "x64"
      ],
      "license": "MIT OR Apache-2.0",
      "optional": true,
      "os": [
        "darwin"
      ]
    },
    "node_modules/@nhatvu148/kaniscope-linux-arm64": {
      "version": "0.32.0",
      "resolved": "https://registry.npmjs.org/@nhatvu148/kaniscope-linux-arm64/-/kaniscope-linux-arm64-0.32.0.tgz",
      "integrity": "sha512-71owtoKH+FlmwdXFbtAkj6aah8tcbsOxftGoBqoBjiH4m2XVs/DwHZJ/KSdy10X7OQFP63P7mkSBUW9+mP5fTA==",
      "cpu": [
        "arm64"
      ],
      "license": "MIT OR Apache-2.0",
      "optional": true,
      "os": [
        "linux"
      ]
    },
    "node_modules/@nhatvu148/kaniscope-linux-x64": {
      "version": "0.32.0",
      "resolved": "https://registry.npmjs.org/@nhatvu148/kaniscope-linux-x64/-/kaniscope-linux-x64-0.32.0.tgz",
      "integrity": "sha512-TytbgLneTP3R8lkA5QM0ETruoA3ohvFpie4Acnmezux4UoPAlYgnDhZkcD5m382/w5A6517u+2N9VpeR5fWBtQ==",
      "cpu": [
        "x64"
      ],
      "license": "MIT OR Apache-2.0",
      "optional": true,
      "os": [
        "linux"
      ]
    },
    "node_modules/@nhatvu148/kaniscope-win32-x64": {
      "version": "0.32.0",
      "resolved": "https://registry.npmjs.org/@nhatvu148/kaniscope-win32-x64/-/kaniscope-win32-x64-0.32.0.tgz",
      "integrity": "sha512-et94l6zKxaTdkh7cXAk8UD8cNt0VUgUYFX7T+6lGBhLS8uExm033h6TPBt3Nn1ADtydmfXi47MAKd1WZp79SiA==",
      "cpu": [
        "x64"
      ],
      "license": "MIT OR Apache-2.0",
      "optional": true,
      "os": [
        "win32"
      ]
    },
    "node_modules/kaniscope": {
      "version": "0.32.0",
      "resolved": "https://registry.npmjs.org/kaniscope/-/kaniscope-0.32.0.tgz",
      "integrity": "sha512-hiw04JplEGPa+4LaGV89rkao8bPwTkQMXVy+qfc232r0zq40V90b36FAH3aRs95GhY6uGnzTaB2J0iZkrSDRPA==",
      "license": "MIT OR Apache-2.0",
      "bin": {
        "kaniscope": "bin/kaniscope.js"
      },
      "engines": {
        "node": ">=18"
      },
      "optionalDependencies": {
        "@nhatvu148/kaniscope-darwin-arm64": "0.32.0",
        "@nhatvu148/kaniscope-darwin-x64": "0.32.0",
        "@nhatvu148/kaniscope-linux-arm64": "0.32.0",
        "@nhatvu148/kaniscope-linux-x64": "0.32.0",
        "@nhatvu148/kaniscope-win32-x64": "0.32.0"
      }
    }
  }
}
