{
  "name": "kaniscope-node-bot-example",
  "version": "0.0.0",
  "lockfileVersion": 3,
  "requires": true,
  "packages": {
    "": {
      "name": "kaniscope-node-bot-example",
      "version": "0.0.0",
      "dependencies": {
        "kaniscope": "^0.27.0"
      },
      "engines": {
        "node": ">=18"
      }
    },
    "node_modules/@nhatvu148/kaniscope-darwin-arm64": {
      "version": "0.27.0",
      "resolved": "https://registry.npmjs.org/@nhatvu148/kaniscope-darwin-arm64/-/kaniscope-darwin-arm64-0.27.0.tgz",
      "integrity": "sha512-zRTcClhbma4CRF4t/tZbz+Yb0s4ucb/lAhVVC5uJTBiPHynhK/4wIZks4x0M3TVtN4gNP0dCf+AO2WGer/N/hA==",
      "cpu": [
        "arm64"
      ],
      "license": "MIT OR Apache-2.0",
      "optional": true,
      "os": [
        "darwin"
      ]
    },
    "node_modules/@nhatvu148/kaniscope-darwin-x64": {
      "version": "0.27.0",
      "resolved": "https://registry.npmjs.org/@nhatvu148/kaniscope-darwin-x64/-/kaniscope-darwin-x64-0.27.0.tgz",
      "integrity": "sha512-6D710CPe0tRWAxBWSdd+R48XrQmnIYuOPP/B1MKUL4ZK5eC7LETWUbVCoH9eF11GpapX/0mxisHOD9zMYnzDRg==",
      "cpu": [
        "x64"
      ],
      "license": "MIT OR Apache-2.0",
      "optional": true,
      "os": [
        "darwin"
      ]
    },
    "node_modules/@nhatvu148/kaniscope-linux-arm64": {
      "version": "0.27.0",
      "resolved": "https://registry.npmjs.org/@nhatvu148/kaniscope-linux-arm64/-/kaniscope-linux-arm64-0.27.0.tgz",
      "integrity": "sha512-ZV7xn+01e21nZZkusJpofq5ufSiitJ6U7rdfvUArC1Kc5+kjl9rXvvr3DWWpXxbT7vfvdCg6b//7pw/DweMjKA==",
      "cpu": [
        "arm64"
      ],
      "license": "MIT OR Apache-2.0",
      "optional": true,
      "os": [
        "linux"
      ]
    },
    "node_modules/@nhatvu148/kaniscope-linux-x64": {
      "version": "0.27.0",
      "resolved": "https://registry.npmjs.org/@nhatvu148/kaniscope-linux-x64/-/kaniscope-linux-x64-0.27.0.tgz",
      "integrity": "sha512-GLry6jsoSkjsx6QIT7X3tseeNw+jH7Yvb6pp20+qXS1fv5ixqmbGhi/GaufTR9cP5eIThN+AE705xDBPzUZbEQ==",
      "cpu": [
        "x64"
      ],
      "license": "MIT OR Apache-2.0",
      "optional": true,
      "os": [
        "linux"
      ]
    },
    "node_modules/@nhatvu148/kaniscope-win32-x64": {
      "version": "0.27.0",
      "resolved": "https://registry.npmjs.org/@nhatvu148/kaniscope-win32-x64/-/kaniscope-win32-x64-0.27.0.tgz",
      "integrity": "sha512-1AZedvv2g41SZe1kBXN138LJ+UNKqKQ8LgvfQXm5/N7gfc+Y95fCUxZyc82VrDWgu8tg4nraoNeyQJdUfYEyMg==",
      "cpu": [
        "x64"
      ],
      "license": "MIT OR Apache-2.0",
      "optional": true,
      "os": [
        "win32"
      ]
    },
    "node_modules/kaniscope": {
      "version": "0.27.0",
      "resolved": "https://registry.npmjs.org/kaniscope/-/kaniscope-0.27.0.tgz",
      "integrity": "sha512-IPeVFdcV4gy0UOhIwJizMBlbfaQsosTrZFMiXFGHTXQmwbYKs/hIwoh92PkH0xsn401XvaFgH5eJB0sFvFYoTA==",
      "license": "MIT OR Apache-2.0",
      "bin": {
        "kaniscope": "bin/kaniscope.js"
      },
      "engines": {
        "node": ">=18"
      },
      "optionalDependencies": {
        "@nhatvu148/kaniscope-darwin-arm64": "0.27.0",
        "@nhatvu148/kaniscope-darwin-x64": "0.27.0",
        "@nhatvu148/kaniscope-linux-arm64": "0.27.0",
        "@nhatvu148/kaniscope-linux-x64": "0.27.0",
        "@nhatvu148/kaniscope-win32-x64": "0.27.0"
      }
    }
  }
}
