{
  "name": "kaniscope-node-bot-example",
  "version": "0.0.0",
  "lockfileVersion": 3,
  "requires": true,
  "packages": {
    "": {
      "name": "kaniscope-node-bot-example",
      "version": "0.0.0",
      "dependencies": {
        "kaniscope": "^0.26.0"
      },
      "engines": {
        "node": ">=18"
      }
    },
    "node_modules/@nhatvu148/kaniscope-darwin-arm64": {
      "version": "0.26.0",
      "resolved": "https://registry.npmjs.org/@nhatvu148/kaniscope-darwin-arm64/-/kaniscope-darwin-arm64-0.26.0.tgz",
      "integrity": "sha512-2Ptn0msOWfkfZzuHmhx9aR2ErS6EDaV36TQmQt6YUZ8VKXikvlUUMo1VLfqNeZBSMUxMB8ksII4Dyxyq6tQkvQ==",
      "cpu": [
        "arm64"
      ],
      "license": "MIT OR Apache-2.0",
      "optional": true,
      "os": [
        "darwin"
      ]
    },
    "node_modules/@nhatvu148/kaniscope-darwin-x64": {
      "version": "0.26.0",
      "resolved": "https://registry.npmjs.org/@nhatvu148/kaniscope-darwin-x64/-/kaniscope-darwin-x64-0.26.0.tgz",
      "integrity": "sha512-B9eR3M5hIy3AvcIHoNJV3iAEK81u4q2CrpIom/wllF74fylLUqQm1nj3qUauR/i2bU0GZk7wnuibkz5TsQL96g==",
      "cpu": [
        "x64"
      ],
      "license": "MIT OR Apache-2.0",
      "optional": true,
      "os": [
        "darwin"
      ]
    },
    "node_modules/@nhatvu148/kaniscope-linux-arm64": {
      "version": "0.26.0",
      "resolved": "https://registry.npmjs.org/@nhatvu148/kaniscope-linux-arm64/-/kaniscope-linux-arm64-0.26.0.tgz",
      "integrity": "sha512-T4zBwn/ZWCi3hGBSnElV9BHItwpPtG149uke1Gs/NHuqbj4clT1OnPC2bQWsdGA3v4zswuvklmfCqyPshvPChg==",
      "cpu": [
        "arm64"
      ],
      "license": "MIT OR Apache-2.0",
      "optional": true,
      "os": [
        "linux"
      ]
    },
    "node_modules/@nhatvu148/kaniscope-linux-x64": {
      "version": "0.26.0",
      "resolved": "https://registry.npmjs.org/@nhatvu148/kaniscope-linux-x64/-/kaniscope-linux-x64-0.26.0.tgz",
      "integrity": "sha512-rpZoTTGZkPwlUAjIRlpwe6LpzdiodkUNO/eVP5et0vrc8A/eRcN7iBI7ckz50LvyU4eypwHi0RmZUvzk4bgpwA==",
      "cpu": [
        "x64"
      ],
      "license": "MIT OR Apache-2.0",
      "optional": true,
      "os": [
        "linux"
      ]
    },
    "node_modules/@nhatvu148/kaniscope-win32-x64": {
      "version": "0.26.0",
      "resolved": "https://registry.npmjs.org/@nhatvu148/kaniscope-win32-x64/-/kaniscope-win32-x64-0.26.0.tgz",
      "integrity": "sha512-f80VPXKss1jmxrow1FIGJ/0lMoaKP+NOly8G5gXxEjYzqej79oM3u7l/KtNUWkjepDN/Dw6riNsS3wBTbyCypg==",
      "cpu": [
        "x64"
      ],
      "license": "MIT OR Apache-2.0",
      "optional": true,
      "os": [
        "win32"
      ]
    },
    "node_modules/kaniscope": {
      "version": "0.26.0",
      "resolved": "https://registry.npmjs.org/kaniscope/-/kaniscope-0.26.0.tgz",
      "integrity": "sha512-uNfU7/TvSTNUYRp10xbWy0L5o4afwdeXVaEBgXYpzzTOgIvvqfyP7SbSM93p8mo/sjz4mg1hV8q20g/JyTwXuw==",
      "license": "MIT OR Apache-2.0",
      "bin": {
        "kaniscope": "bin/kaniscope.js"
      },
      "engines": {
        "node": ">=18"
      },
      "optionalDependencies": {
        "@nhatvu148/kaniscope-darwin-arm64": "0.26.0",
        "@nhatvu148/kaniscope-darwin-x64": "0.26.0",
        "@nhatvu148/kaniscope-linux-arm64": "0.26.0",
        "@nhatvu148/kaniscope-linux-x64": "0.26.0",
        "@nhatvu148/kaniscope-win32-x64": "0.26.0"
      }
    }
  }
}
